{
  "name": "eval-5-M'S-Belaid",
  "lockfileVersion": 3,
  "requires": true,
  "packages": {
    "": {
      "dependencies": {
        "leaflet": "^1.9.4",
        "swiper": "^11.0.7"
      }
    },
    "node_modules/leaflet": {
      "version": "1.9.4",
      "resolved": "https://registry.npmjs.org/leaflet/-/leaflet-1.9.4.tgz",
      "integrity": "sha512-nxS1ynzJOmOlHp+iL3FyWqK89GtNL8U8rvlMOsQdTTssxZwCXh8N2NB3GDQOL+YR3XnWyZAxwQixURb+FA74PA=="
    },
    "node_modules/swiper": {
      "version": "11.0.7",
      "resolved": "https://registry.npmjs.org/swiper/-/swiper-11.0.7.tgz",
      "integrity": "sha512-cDfglW1B6uSmB6eB6pNmzDTNLmZtu5bWWa1vak0RU7fOI9qHjMzl7gVBvYSl34b0RU2N11HxxETJqQ5LeqI1cA==",
      "funding": [
        {
          "type": "patreon",
          "url": "https://www.patreon.com/swiperjs"
        },
        {
          "type": "open_collective",
          "url": "http://opencollective.com/swiper"
        }
      ],
      "engines": {
        "node": ">= 4.7.0"
      }
    }
  }
}
